Microsoft Visual Studio Solution File, Format Version 11.00
# Visual Studio 2010
Project("{8BC9CEB8-8B4A-11D0-8D11-00A0C91BC942}") = "ALL_BUILD", "ALL_BUILD.vcxproj", "{F7AE9651-37AD-3128-8BD5-577576C4F02C}"
	ProjectSection(ProjectDependencies) = postProject
		{B77F8D2C-41DE-32CE-A067-E495B02A4568} = {B77F8D2C-41DE-32CE-A067-E495B02A4568}
		{FE5016CC-412E-3B97-8CE1-472ADB7C3F42} = {FE5016CC-412E-3B97-8CE1-472ADB7C3F42}
		{790E73A6-D1FC-38E2-8078-7610DC91A4D2} = {790E73A6-D1FC-38E2-8078-7610DC91A4D2}
		{27C37705-437F-3433-ADEC-C8D328EDB828} = {27C37705-437F-3433-ADEC-C8D328EDB828}
		{08703B5B-5CE3-35DC-90CA-B78A3112BC4B} = {08703B5B-5CE3-35DC-90CA-B78A3112BC4B}
		{9F98EE25-C5A8-3EF1-B319-765BBD36AFDD} = {9F98EE25-C5A8-3EF1-B319-765BBD36AFDD}
		{A41D57F8-0295-3FD7-8891-F27665A7DF4B} = {A41D57F8-0295-3FD7-8891-F27665A7DF4B}
		{B841C4D4-53C8-32D8-8F76-E2264AF78868} = {B841C4D4-53C8-32D8-8F76-E2264AF78868}
	EndProjectSection
EndProject
Project("{8BC9CEB8-8B4A-11D0-8D11-00A0C91BC942}") = "OscDump", "OscDump.vcxproj", "{B77F8D2C-41DE-32CE-A067-E495B02A4568}"
	ProjectSection(ProjectDependencies) = postProject
		{A41D57F8-0295-3FD7-8891-F27665A7DF4B} = {A41D57F8-0295-3FD7-8891-F27665A7DF4B}
		{B841C4D4-53C8-32D8-8F76-E2264AF78868} = {B841C4D4-53C8-32D8-8F76-E2264AF78868}
	EndProjectSection
EndProject
Project("{8BC9CEB8-8B4A-11D0-8D11-00A0C91BC942}") = "OscReceiveTest", "OscReceiveTest.vcxproj", "{FE5016CC-412E-3B97-8CE1-472ADB7C3F42}"
	ProjectSection(ProjectDependencies) = postProject
		{A41D57F8-0295-3FD7-8891-F27665A7DF4B} = {A41D57F8-0295-3FD7-8891-F27665A7DF4B}
		{B841C4D4-53C8-32D8-8F76-E2264AF78868} = {B841C4D4-53C8-32D8-8F76-E2264AF78868}
	EndProjectSection
EndProject
Project("{8BC9CEB8-8B4A-11D0-8D11-00A0C91BC942}") = "OscSendTests", "OscSendTests.vcxproj", "{790E73A6-D1FC-38E2-8078-7610DC91A4D2}"
	ProjectSection(ProjectDependencies) = postProject
		{A41D57F8-0295-3FD7-8891-F27665A7DF4B} = {A41D57F8-0295-3FD7-8891-F27665A7DF4B}
		{B841C4D4-53C8-32D8-8F76-E2264AF78868} = {B841C4D4-53C8-32D8-8F76-E2264AF78868}
	EndProjectSection
EndProject
Project("{8BC9CEB8-8B4A-11D0-8D11-00A0C91BC942}") = "OscUnitTests", "OscUnitTests.vcxproj", "{27C37705-437F-3433-ADEC-C8D328EDB828}"
	ProjectSection(ProjectDependencies) = postProject
		{A41D57F8-0295-3FD7-8891-F27665A7DF4B} = {A41D57F8-0295-3FD7-8891-F27665A7DF4B}
		{B841C4D4-53C8-32D8-8F76-E2264AF78868} = {B841C4D4-53C8-32D8-8F76-E2264AF78868}
	EndProjectSection
EndProject
Project("{8BC9CEB8-8B4A-11D0-8D11-00A0C91BC942}") = "SimpleReceive", "SimpleReceive.vcxproj", "{08703B5B-5CE3-35DC-90CA-B78A3112BC4B}"
	ProjectSection(ProjectDependencies) = postProject
		{A41D57F8-0295-3FD7-8891-F27665A7DF4B} = {A41D57F8-0295-3FD7-8891-F27665A7DF4B}
		{B841C4D4-53C8-32D8-8F76-E2264AF78868} = {B841C4D4-53C8-32D8-8F76-E2264AF78868}
	EndProjectSection
EndProject
Project("{8BC9CEB8-8B4A-11D0-8D11-00A0C91BC942}") = "SimpleSend", "SimpleSend.vcxproj", "{9F98EE25-C5A8-3EF1-B319-765BBD36AFDD}"
	ProjectSection(ProjectDependencies) = postProject
		{A41D57F8-0295-3FD7-8891-F27665A7DF4B} = {A41D57F8-0295-3FD7-8891-F27665A7DF4B}
		{B841C4D4-53C8-32D8-8F76-E2264AF78868} = {B841C4D4-53C8-32D8-8F76-E2264AF78868}
	EndProjectSection
EndProject
Project("{8BC9CEB8-8B4A-11D0-8D11-00A0C91BC942}") = "ZERO_CHECK", "ZERO_CHECK.vcxproj", "{A41D57F8-0295-3FD7-8891-F27665A7DF4B}"
	ProjectSection(ProjectDependencies) = postProject
	EndProjectSection
EndProject
Project("{8BC9CEB8-8B4A-11D0-8D11-00A0C91BC942}") = "oscpack", "oscpack.vcxproj", "{B841C4D4-53C8-32D8-8F76-E2264AF78868}"
	ProjectSection(ProjectDependencies) = postProject
		{A41D57F8-0295-3FD7-8891-F27665A7DF4B} = {A41D57F8-0295-3FD7-8891-F27665A7DF4B}
	EndProjectSection
EndProject
Global
	GlobalSection(SolutionConfigurationPlatforms) = preSolution
		Debug|Win32 = Debug|Win32
		Release|Win32 = Release|Win32
		MinSizeRel|Win32 = MinSizeRel|Win32
		RelWithDebInfo|Win32 = RelWithDebInfo|Win32
	EndGlobalSection
	GlobalSection(ProjectConfigurationPlatforms) = postSolution
		{F7AE9651-37AD-3128-8BD5-577576C4F02C}.Debug|Win32.ActiveCfg = Debug|Win32
		{F7AE9651-37AD-3128-8BD5-577576C4F02C}.Release|Win32.ActiveCfg = Release|Win32
		{F7AE9651-37AD-3128-8BD5-577576C4F02C}.MinSizeRel|Win32.ActiveCfg = MinSizeRel|Win32
		{F7AE9651-37AD-3128-8BD5-577576C4F02C}.RelWithDebInfo|Win32.ActiveCfg = RelWithDebInfo|Win32
		{B77F8D2C-41DE-32CE-A067-E495B02A4568}.Debug|Win32.ActiveCfg = Debug|Win32
		{B77F8D2C-41DE-32CE-A067-E495B02A4568}.Debug|Win32.Build.0 = Debug|Win32
		{B77F8D2C-41DE-32CE-A067-E495B02A4568}.Release|Win32.ActiveCfg = Release|Win32
		{B77F8D2C-41DE-32CE-A067-E495B02A4568}.Release|Win32.Build.0 = Release|Win32
		{B77F8D2C-41DE-32CE-A067-E495B02A4568}.MinSizeRel|Win32.ActiveCfg = MinSizeRel|Win32
		{B77F8D2C-41DE-32CE-A067-E495B02A4568}.MinSizeRel|Win32.Build.0 = MinSizeRel|Win32
		{B77F8D2C-41DE-32CE-A067-E495B02A4568}.RelWithDebInfo|Win32.ActiveCfg = RelWithDebInfo|Win32
		{B77F8D2C-41DE-32CE-A067-E495B02A4568}.RelWithDebInfo|Win32.Build.0 = RelWithDebInfo|Win32
		{FE5016CC-412E-3B97-8CE1-472ADB7C3F42}.Debug|Win32.ActiveCfg = Debug|Win32
		{FE5016CC-412E-3B97-8CE1-472ADB7C3F42}.Debug|Win32.Build.0 = Debug|Win32
		{FE5016CC-412E-3B97-8CE1-472ADB7C3F42}.Release|Win32.ActiveCfg = Release|Win32
		{FE5016CC-412E-3B97-8CE1-472ADB7C3F42}.Release|Win32.Build.0 = Release|Win32
		{FE5016CC-412E-3B97-8CE1-472ADB7C3F42}.MinSizeRel|Win32.ActiveCfg = MinSizeRel|Win32
		{FE5016CC-412E-3B97-8CE1-472ADB7C3F42}.MinSizeRel|Win32.Build.0 = MinSizeRel|Win32
		{FE5016CC-412E-3B97-8CE1-472ADB7C3F42}.RelWithDebInfo|Win32.ActiveCfg = RelWithDebInfo|Win32
		{FE5016CC-412E-3B97-8CE1-472ADB7C3F42}.RelWithDebInfo|Win32.Build.0 = RelWithDebInfo|Win32
		{790E73A6-D1FC-38E2-8078-7610DC91A4D2}.Debug|Win32.ActiveCfg = Debug|Win32
		{790E73A6-D1FC-38E2-8078-7610DC91A4D2}.Debug|Win32.Build.0 = Debug|Win32
		{790E73A6-D1FC-38E2-8078-7610DC91A4D2}.Release|Win32.ActiveCfg = Release|Win32
		{790E73A6-D1FC-38E2-8078-7610DC91A4D2}.Release|Win32.Build.0 = Release|Win32
		{790E73A6-D1FC-38E2-8078-7610DC91A4D2}.MinSizeRel|Win32.ActiveCfg = MinSizeRel|Win32
		{790E73A6-D1FC-38E2-8078-7610DC91A4D2}.MinSizeRel|Win32.Build.0 = MinSizeRel|Win32
		{790E73A6-D1FC-38E2-8078-7610DC91A4D2}.RelWithDebInfo|Win32.ActiveCfg = RelWithDebInfo|Win32
		{790E73A6-D1FC-38E2-8078-7610DC91A4D2}.RelWithDebInfo|Win32.Build.0 = RelWithDebInfo|Win32
		{27C37705-437F-3433-ADEC-C8D328EDB828}.Debug|Win32.ActiveCfg = Debug|Win32
		{27C37705-437F-3433-ADEC-C8D328EDB828}.Debug|Win32.Build.0 = Debug|Win32
		{27C37705-437F-3433-ADEC-C8D328EDB828}.Release|Win32.ActiveCfg = Release|Win32
		{27C37705-437F-3433-ADEC-C8D328EDB828}.Release|Win32.Build.0 = Release|Win32
		{27C37705-437F-3433-ADEC-C8D328EDB828}.MinSizeRel|Win32.ActiveCfg = MinSizeRel|Win32
		{27C37705-437F-3433-ADEC-C8D328EDB828}.MinSizeRel|Win32.Build.0 = MinSizeRel|Win32
		{27C37705-437F-3433-ADEC-C8D328EDB828}.RelWithDebInfo|Win32.ActiveCfg = RelWithDebInfo|Win32
		{27C37705-437F-3433-ADEC-C8D328EDB828}.RelWithDebInfo|Win32.Build.0 = RelWithDebInfo|Win32
		{08703B5B-5CE3-35DC-90CA-B78A3112BC4B}.Debug|Win32.ActiveCfg = Debug|Win32
		{08703B5B-5CE3-35DC-90CA-B78A3112BC4B}.Debug|Win32.Build.0 = Debug|Win32
		{08703B5B-5CE3-35DC-90CA-B78A3112BC4B}.Release|Win32.ActiveCfg = Release|Win32
		{08703B5B-5CE3-35DC-90CA-B78A3112BC4B}.Release|Win32.Build.0 = Release|Win32
		{08703B5B-5CE3-35DC-90CA-B78A3112BC4B}.MinSizeRel|Win32.ActiveCfg = MinSizeRel|Win32
		{08703B5B-5CE3-35DC-90CA-B78A3112BC4B}.MinSizeRel|Win32.Build.0 = MinSizeRel|Win32
		{08703B5B-5CE3-35DC-90CA-B78A3112BC4B}.RelWithDebInfo|Win32.ActiveCfg = RelWithDebInfo|Win32
		{08703B5B-5CE3-35DC-90CA-B78A3112BC4B}.RelWithDebInfo|Win32.Build.0 = RelWithDebInfo|Win32
		{9F98EE25-C5A8-3EF1-B319-765BBD36AFDD}.Debug|Win32.ActiveCfg = Debug|Win32
		{9F98EE25-C5A8-3EF1-B319-765BBD36AFDD}.Debug|Win32.Build.0 = Debug|Win32
		{9F98EE25-C5A8-3EF1-B319-765BBD36AFDD}.Release|Win32.ActiveCfg = Release|Win32
		{9F98EE25-C5A8-3EF1-B319-765BBD36AFDD}.Release|Win32.Build.0 = Release|Win32
		{9F98EE25-C5A8-3EF1-B319-765BBD36AFDD}.MinSizeRel|Win32.ActiveCfg = MinSizeRel|Win32
		{9F98EE25-C5A8-3EF1-B319-765BBD36AFDD}.MinSizeRel|Win32.Build.0 = MinSizeRel|Win32
		{9F98EE25-C5A8-3EF1-B319-765BBD36AFDD}.RelWithDebInfo|Win32.ActiveCfg = RelWithDebInfo|Win32
		{9F98EE25-C5A8-3EF1-B319-765BBD36AFDD}.RelWithDebInfo|Win32.Build.0 = RelWithDebInfo|Win32
		{A41D57F8-0295-3FD7-8891-F27665A7DF4B}.Debug|Win32.ActiveCfg = Debug|Win32
		{A41D57F8-0295-3FD7-8891-F27665A7DF4B}.Debug|Win32.Build.0 = Debug|Win32
		{A41D57F8-0295-3FD7-8891-F27665A7DF4B}.Release|Win32.ActiveCfg = Release|Win32
		{A41D57F8-0295-3FD7-8891-F27665A7DF4B}.Release|Win32.Build.0 = Release|Win32
		{A41D57F8-0295-3FD7-8891-F27665A7DF4B}.MinSizeRel|Win32.ActiveCfg = MinSizeRel|Win32
		{A41D57F8-0295-3FD7-8891-F27665A7DF4B}.MinSizeRel|Win32.Build.0 = MinSizeRel|Win32
		{A41D57F8-0295-3FD7-8891-F27665A7DF4B}.RelWithDebInfo|Win32.ActiveCfg = RelWithDebInfo|Win32
		{A41D57F8-0295-3FD7-8891-F27665A7DF4B}.RelWithDebInfo|Win32.Build.0 = RelWithDebInfo|Win32
		{B841C4D4-53C8-32D8-8F76-E2264AF78868}.Debug|Win32.ActiveCfg = Debug|Win32
		{B841C4D4-53C8-32D8-8F76-E2264AF78868}.Debug|Win32.Build.0 = Debug|Win32
		{B841C4D4-53C8-32D8-8F76-E2264AF78868}.Release|Win32.ActiveCfg = Release|Win32
		{B841C4D4-53C8-32D8-8F76-E2264AF78868}.Release|Win32.Build.0 = Release|Win32
		{B841C4D4-53C8-32D8-8F76-E2264AF78868}.MinSizeRel|Win32.ActiveCfg = MinSizeRel|Win32
		{B841C4D4-53C8-32D8-8F76-E2264AF78868}.MinSizeRel|Win32.Build.0 = MinSizeRel|Win32
		{B841C4D4-53C8-32D8-8F76-E2264AF78868}.RelWithDebInfo|Win32.ActiveCfg = RelWithDebInfo|Win32
		{B841C4D4-53C8-32D8-8F76-E2264AF78868}.RelWithDebInfo|Win32.Build.0 = RelWithDebInfo|Win32
	EndGlobalSection
	GlobalSection(ExtensibilityGlobals) = postSolution
	EndGlobalSection
	GlobalSection(ExtensibilityAddIns) = postSolution
	EndGlobalSection
EndGlobal
