Microsoft Visual Studio Solution File, Format Version 11.00
# Visual Studio 2010
Project("{8BC9CEB8-8B4A-11D0-8D11-00A0C91BC942}") = "ALL_BUILD", "ALL_BUILD.vcxproj", "{3B9A92AA-7334-376B-A791-8428B732F09B}"
	ProjectSection(ProjectDependencies) = postProject
		{074E96F5-4499-3DD8-9D0E-97E121C7A154} = {074E96F5-4499-3DD8-9D0E-97E121C7A154}
		{B4431447-6ACB-3B08-8FDE-91B9E12B02F1} = {B4431447-6ACB-3B08-8FDE-91B9E12B02F1}
		{90CE2CD9-D694-34B4-AEB0-D4587849F446} = {90CE2CD9-D694-34B4-AEB0-D4587849F446}
		{AEB2D6C7-C996-3A80-83E9-F7F0E933CA90} = {AEB2D6C7-C996-3A80-83E9-F7F0E933CA90}
		{381ED77E-01D4-3F9D-BD6E-F965A448707E} = {381ED77E-01D4-3F9D-BD6E-F965A448707E}
		{78385345-5815-300A-8024-CE7A59AD9715} = {78385345-5815-300A-8024-CE7A59AD9715}
		{BD27C018-4105-3A14-9726-1F13A80D161E} = {BD27C018-4105-3A14-9726-1F13A80D161E}
		{33326190-85FC-3247-9E59-27D1CCD2D049} = {33326190-85FC-3247-9E59-27D1CCD2D049}
	EndProjectSection
EndProject
Project("{8BC9CEB8-8B4A-11D0-8D11-00A0C91BC942}") = "OscDump", "OscDump.vcxproj", "{074E96F5-4499-3DD8-9D0E-97E121C7A154}"
	ProjectSection(ProjectDependencies) = postProject
		{BD27C018-4105-3A14-9726-1F13A80D161E} = {BD27C018-4105-3A14-9726-1F13A80D161E}
		{33326190-85FC-3247-9E59-27D1CCD2D049} = {33326190-85FC-3247-9E59-27D1CCD2D049}
	EndProjectSection
EndProject
Project("{8BC9CEB8-8B4A-11D0-8D11-00A0C91BC942}") = "OscReceiveTest", "OscReceiveTest.vcxproj", "{B4431447-6ACB-3B08-8FDE-91B9E12B02F1}"
	ProjectSection(ProjectDependencies) = postProject
		{BD27C018-4105-3A14-9726-1F13A80D161E} = {BD27C018-4105-3A14-9726-1F13A80D161E}
		{33326190-85FC-3247-9E59-27D1CCD2D049} = {33326190-85FC-3247-9E59-27D1CCD2D049}
	EndProjectSection
EndProject
Project("{8BC9CEB8-8B4A-11D0-8D11-00A0C91BC942}") = "OscSendTests", "OscSendTests.vcxproj", "{90CE2CD9-D694-34B4-AEB0-D4587849F446}"
	ProjectSection(ProjectDependencies) = postProject
		{BD27C018-4105-3A14-9726-1F13A80D161E} = {BD27C018-4105-3A14-9726-1F13A80D161E}
		{33326190-85FC-3247-9E59-27D1CCD2D049} = {33326190-85FC-3247-9E59-27D1CCD2D049}
	EndProjectSection
EndProject
Project("{8BC9CEB8-8B4A-11D0-8D11-00A0C91BC942}") = "OscUnitTests", "OscUnitTests.vcxproj", "{AEB2D6C7-C996-3A80-83E9-F7F0E933CA90}"
	ProjectSection(ProjectDependencies) = postProject
		{BD27C018-4105-3A14-9726-1F13A80D161E} = {BD27C018-4105-3A14-9726-1F13A80D161E}
		{33326190-85FC-3247-9E59-27D1CCD2D049} = {33326190-85FC-3247-9E59-27D1CCD2D049}
	EndProjectSection
EndProject
Project("{8BC9CEB8-8B4A-11D0-8D11-00A0C91BC942}") = "SimpleReceive", "SimpleReceive.vcxproj", "{381ED77E-01D4-3F9D-BD6E-F965A448707E}"
	ProjectSection(ProjectDependencies) = postProject
		{BD27C018-4105-3A14-9726-1F13A80D161E} = {BD27C018-4105-3A14-9726-1F13A80D161E}
		{33326190-85FC-3247-9E59-27D1CCD2D049} = {33326190-85FC-3247-9E59-27D1CCD2D049}
	EndProjectSection
EndProject
Project("{8BC9CEB8-8B4A-11D0-8D11-00A0C91BC942}") = "SimpleSend", "SimpleSend.vcxproj", "{78385345-5815-300A-8024-CE7A59AD9715}"
	ProjectSection(ProjectDependencies) = postProject
		{BD27C018-4105-3A14-9726-1F13A80D161E} = {BD27C018-4105-3A14-9726-1F13A80D161E}
		{33326190-85FC-3247-9E59-27D1CCD2D049} = {33326190-85FC-3247-9E59-27D1CCD2D049}
	EndProjectSection
EndProject
Project("{8BC9CEB8-8B4A-11D0-8D11-00A0C91BC942}") = "ZERO_CHECK", "ZERO_CHECK.vcxproj", "{BD27C018-4105-3A14-9726-1F13A80D161E}"
	ProjectSection(ProjectDependencies) = postProject
	EndProjectSection
EndProject
Project("{8BC9CEB8-8B4A-11D0-8D11-00A0C91BC942}") = "oscpack", "oscpack.vcxproj", "{33326190-85FC-3247-9E59-27D1CCD2D049}"
	ProjectSection(ProjectDependencies) = postProject
		{BD27C018-4105-3A14-9726-1F13A80D161E} = {BD27C018-4105-3A14-9726-1F13A80D161E}
	EndProjectSection
EndProject
Global
	GlobalSection(SolutionConfigurationPlatforms) = preSolution
		Debug|Win32 = Debug|Win32
		Release|Win32 = Release|Win32
		MinSizeRel|Win32 = MinSizeRel|Win32
		RelWithDebInfo|Win32 = RelWithDebInfo|Win32
	EndGlobalSection
	GlobalSection(ProjectConfigurationPlatforms) = postSolution
		{3B9A92AA-7334-376B-A791-8428B732F09B}.Debug|Win32.ActiveCfg = Debug|Win32
		{3B9A92AA-7334-376B-A791-8428B732F09B}.Release|Win32.ActiveCfg = Release|Win32
		{3B9A92AA-7334-376B-A791-8428B732F09B}.MinSizeRel|Win32.ActiveCfg = MinSizeRel|Win32
		{3B9A92AA-7334-376B-A791-8428B732F09B}.RelWithDebInfo|Win32.ActiveCfg = RelWithDebInfo|Win32
		{074E96F5-4499-3DD8-9D0E-97E121C7A154}.Debug|Win32.ActiveCfg = Debug|Win32
		{074E96F5-4499-3DD8-9D0E-97E121C7A154}.Debug|Win32.Build.0 = Debug|Win32
		{074E96F5-4499-3DD8-9D0E-97E121C7A154}.Release|Win32.ActiveCfg = Release|Win32
		{074E96F5-4499-3DD8-9D0E-97E121C7A154}.Release|Win32.Build.0 = Release|Win32
		{074E96F5-4499-3DD8-9D0E-97E121C7A154}.MinSizeRel|Win32.ActiveCfg = MinSizeRel|Win32
		{074E96F5-4499-3DD8-9D0E-97E121C7A154}.MinSizeRel|Win32.Build.0 = MinSizeRel|Win32
		{074E96F5-4499-3DD8-9D0E-97E121C7A154}.RelWithDebInfo|Win32.ActiveCfg = RelWithDebInfo|Win32
		{074E96F5-4499-3DD8-9D0E-97E121C7A154}.RelWithDebInfo|Win32.Build.0 = RelWithDebInfo|Win32
		{B4431447-6ACB-3B08-8FDE-91B9E12B02F1}.Debug|Win32.ActiveCfg = Debug|Win32
		{B4431447-6ACB-3B08-8FDE-91B9E12B02F1}.Debug|Win32.Build.0 = Debug|Win32
		{B4431447-6ACB-3B08-8FDE-91B9E12B02F1}.Release|Win32.ActiveCfg = Release|Win32
		{B4431447-6ACB-3B08-8FDE-91B9E12B02F1}.Release|Win32.Build.0 = Release|Win32
		{B4431447-6ACB-3B08-8FDE-91B9E12B02F1}.MinSizeRel|Win32.ActiveCfg = MinSizeRel|Win32
		{B4431447-6ACB-3B08-8FDE-91B9E12B02F1}.MinSizeRel|Win32.Build.0 = MinSizeRel|Win32
		{B4431447-6ACB-3B08-8FDE-91B9E12B02F1}.RelWithDebInfo|Win32.ActiveCfg = RelWithDebInfo|Win32
		{B4431447-6ACB-3B08-8FDE-91B9E12B02F1}.RelWithDebInfo|Win32.Build.0 = RelWithDebInfo|Win32
		{90CE2CD9-D694-34B4-AEB0-D4587849F446}.Debug|Win32.ActiveCfg = Debug|Win32
		{90CE2CD9-D694-34B4-AEB0-D4587849F446}.Debug|Win32.Build.0 = Debug|Win32
		{90CE2CD9-D694-34B4-AEB0-D4587849F446}.Release|Win32.ActiveCfg = Release|Win32
		{90CE2CD9-D694-34B4-AEB0-D4587849F446}.Release|Win32.Build.0 = Release|Win32
		{90CE2CD9-D694-34B4-AEB0-D4587849F446}.MinSizeRel|Win32.ActiveCfg = MinSizeRel|Win32
		{90CE2CD9-D694-34B4-AEB0-D4587849F446}.MinSizeRel|Win32.Build.0 = MinSizeRel|Win32
		{90CE2CD9-D694-34B4-AEB0-D4587849F446}.RelWithDebInfo|Win32.ActiveCfg = RelWithDebInfo|Win32
		{90CE2CD9-D694-34B4-AEB0-D4587849F446}.RelWithDebInfo|Win32.Build.0 = RelWithDebInfo|Win32
		{AEB2D6C7-C996-3A80-83E9-F7F0E933CA90}.Debug|Win32.ActiveCfg = Debug|Win32
		{AEB2D6C7-C996-3A80-83E9-F7F0E933CA90}.Debug|Win32.Build.0 = Debug|Win32
		{AEB2D6C7-C996-3A80-83E9-F7F0E933CA90}.Release|Win32.ActiveCfg = Release|Win32
		{AEB2D6C7-C996-3A80-83E9-F7F0E933CA90}.Release|Win32.Build.0 = Release|Win32
		{AEB2D6C7-C996-3A80-83E9-F7F0E933CA90}.MinSizeRel|Win32.ActiveCfg = MinSizeRel|Win32
		{AEB2D6C7-C996-3A80-83E9-F7F0E933CA90}.MinSizeRel|Win32.Build.0 = MinSizeRel|Win32
		{AEB2D6C7-C996-3A80-83E9-F7F0E933CA90}.RelWithDebInfo|Win32.ActiveCfg = RelWithDebInfo|Win32
		{AEB2D6C7-C996-3A80-83E9-F7F0E933CA90}.RelWithDebInfo|Win32.Build.0 = RelWithDebInfo|Win32
		{381ED77E-01D4-3F9D-BD6E-F965A448707E}.Debug|Win32.ActiveCfg = Debug|Win32
		{381ED77E-01D4-3F9D-BD6E-F965A448707E}.Debug|Win32.Build.0 = Debug|Win32
		{381ED77E-01D4-3F9D-BD6E-F965A448707E}.Release|Win32.ActiveCfg = Release|Win32
		{381ED77E-01D4-3F9D-BD6E-F965A448707E}.Release|Win32.Build.0 = Release|Win32
		{381ED77E-01D4-3F9D-BD6E-F965A448707E}.MinSizeRel|Win32.ActiveCfg = MinSizeRel|Win32
		{381ED77E-01D4-3F9D-BD6E-F965A448707E}.MinSizeRel|Win32.Build.0 = MinSizeRel|Win32
		{381ED77E-01D4-3F9D-BD6E-F965A448707E}.RelWithDebInfo|Win32.ActiveCfg = RelWithDebInfo|Win32
		{381ED77E-01D4-3F9D-BD6E-F965A448707E}.RelWithDebInfo|Win32.Build.0 = RelWithDebInfo|Win32
		{78385345-5815-300A-8024-CE7A59AD9715}.Debug|Win32.ActiveCfg = Debug|Win32
		{78385345-5815-300A-8024-CE7A59AD9715}.Debug|Win32.Build.0 = Debug|Win32
		{78385345-5815-300A-8024-CE7A59AD9715}.Release|Win32.ActiveCfg = Release|Win32
		{78385345-5815-300A-8024-CE7A59AD9715}.Release|Win32.Build.0 = Release|Win32
		{78385345-5815-300A-8024-CE7A59AD9715}.MinSizeRel|Win32.ActiveCfg = MinSizeRel|Win32
		{78385345-5815-300A-8024-CE7A59AD9715}.MinSizeRel|Win32.Build.0 = MinSizeRel|Win32
		{78385345-5815-300A-8024-CE7A59AD9715}.RelWithDebInfo|Win32.ActiveCfg = RelWithDebInfo|Win32
		{78385345-5815-300A-8024-CE7A59AD9715}.RelWithDebInfo|Win32.Build.0 = RelWithDebInfo|Win32
		{BD27C018-4105-3A14-9726-1F13A80D161E}.Debug|Win32.ActiveCfg = Debug|Win32
		{BD27C018-4105-3A14-9726-1F13A80D161E}.Debug|Win32.Build.0 = Debug|Win32
		{BD27C018-4105-3A14-9726-1F13A80D161E}.Release|Win32.ActiveCfg = Release|Win32
		{BD27C018-4105-3A14-9726-1F13A80D161E}.Release|Win32.Build.0 = Release|Win32
		{BD27C018-4105-3A14-9726-1F13A80D161E}.MinSizeRel|Win32.ActiveCfg = MinSizeRel|Win32
		{BD27C018-4105-3A14-9726-1F13A80D161E}.MinSizeRel|Win32.Build.0 = MinSizeRel|Win32
		{BD27C018-4105-3A14-9726-1F13A80D161E}.RelWithDebInfo|Win32.ActiveCfg = RelWithDebInfo|Win32
		{BD27C018-4105-3A14-9726-1F13A80D161E}.RelWithDebInfo|Win32.Build.0 = RelWithDebInfo|Win32
		{33326190-85FC-3247-9E59-27D1CCD2D049}.Debug|Win32.ActiveCfg = Debug|Win32
		{33326190-85FC-3247-9E59-27D1CCD2D049}.Debug|Win32.Build.0 = Debug|Win32
		{33326190-85FC-3247-9E59-27D1CCD2D049}.Release|Win32.ActiveCfg = Release|Win32
		{33326190-85FC-3247-9E59-27D1CCD2D049}.Release|Win32.Build.0 = Release|Win32
		{33326190-85FC-3247-9E59-27D1CCD2D049}.MinSizeRel|Win32.ActiveCfg = MinSizeRel|Win32
		{33326190-85FC-3247-9E59-27D1CCD2D049}.MinSizeRel|Win32.Build.0 = MinSizeRel|Win32
		{33326190-85FC-3247-9E59-27D1CCD2D049}.RelWithDebInfo|Win32.ActiveCfg = RelWithDebInfo|Win32
		{33326190-85FC-3247-9E59-27D1CCD2D049}.RelWithDebInfo|Win32.Build.0 = RelWithDebInfo|Win32
	EndGlobalSection
	GlobalSection(ExtensibilityGlobals) = postSolution
	EndGlobalSection
	GlobalSection(ExtensibilityAddIns) = postSolution
	EndGlobalSection
EndGlobal
